
Microsoft Visual Studio Solution File, Format Version 12.00
Project("{FAE04EC0-301F-11D3-BF4B-00C04F79EFBC}") = "Svelto.Common", "Svelto.Common\Svelto.Common.csproj", "{4E33E3CE-8ED1-474F-BC3B-5C09DB7BC485}"
EndProject
Project("{FAE04EC0-301F-11D3-BF4B-00C04F79EFBC}") = "Svelto.ECS", "Svelto.ECS\Svelto.ECS.csproj", "{F2A708A0-8AFE-4334-8020-AE4364FC8DF5}"
EndProject
Project("{FAE04EC0-301F-11D3-BF4B-00C04F79EFBC}") = "Svelto.ECS.Tests", "Svelto.ECS.Tests\Svelto.ECS.Tests.csproj", "{3E0EBE6E-EECA-4F6A-A25C-29BC0FE797CE}"
EndProject
Project("{2150E333-8FDC-42A3-9474-1A3956D46DE8}") = "Svelto-3.0-beta", "Svelto-3.0-beta", "{A4408A6A-8DEB-493E-A53B-4B1A1C76AFB5}"
EndProject
Project("{2150E333-8FDC-42A3-9474-1A3956D46DE8}") = "Documentation", "Documentation", "{2C0520A6-50F0-440D-933D-1E40EA9F49B4}"
ProjectSection(SolutionItems) = preProject
	LICENSE = LICENSE
	README.md = README.md
EndProjectSection
EndProject
Project("{FAE04EC0-301F-11D3-BF4B-00C04F79EFBC}") = "SveltoDeterministic2DPhysicsDemo", "SveltoDeterministic2DPhysicsDemo\SveltoDeterministic2DPhysicsDemo.csproj", "{AD942CA8-1442-4C6A-B650-DC65D992B0D7}"
EndProject
Global
	GlobalSection(SolutionConfigurationPlatforms) = preSolution
		Debug|Any CPU = Debug|Any CPU
		Release|Any CPU = Release|Any CPU
	EndGlobalSection
	GlobalSection(NestedProjects) = preSolution
		{4E33E3CE-8ED1-474F-BC3B-5C09DB7BC485} = {A4408A6A-8DEB-493E-A53B-4B1A1C76AFB5}
		{F2A708A0-8AFE-4334-8020-AE4364FC8DF5} = {A4408A6A-8DEB-493E-A53B-4B1A1C76AFB5}
		{3E0EBE6E-EECA-4F6A-A25C-29BC0FE797CE} = {A4408A6A-8DEB-493E-A53B-4B1A1C76AFB5}
	EndGlobalSection
	GlobalSection(ProjectConfigurationPlatforms) = postSolution
		{4E33E3CE-8ED1-474F-BC3B-5C09DB7BC485}.Debug|Any CPU.ActiveCfg = Debug|Any CPU
		{4E33E3CE-8ED1-474F-BC3B-5C09DB7BC485}.Debug|Any CPU.Build.0 = Debug|Any CPU
		{4E33E3CE-8ED1-474F-BC3B-5C09DB7BC485}.Release|Any CPU.ActiveCfg = Release|Any CPU
		{4E33E3CE-8ED1-474F-BC3B-5C09DB7BC485}.Release|Any CPU.Build.0 = Release|Any CPU
		{F2A708A0-8AFE-4334-8020-AE4364FC8DF5}.Debug|Any CPU.ActiveCfg = Debug|Any CPU
		{F2A708A0-8AFE-4334-8020-AE4364FC8DF5}.Debug|Any CPU.Build.0 = Debug|Any CPU
		{F2A708A0-8AFE-4334-8020-AE4364FC8DF5}.Release|Any CPU.ActiveCfg = Release|Any CPU
		{F2A708A0-8AFE-4334-8020-AE4364FC8DF5}.Release|Any CPU.Build.0 = Release|Any CPU
		{3E0EBE6E-EECA-4F6A-A25C-29BC0FE797CE}.Debug|Any CPU.ActiveCfg = Debug|Any CPU
		{3E0EBE6E-EECA-4F6A-A25C-29BC0FE797CE}.Debug|Any CPU.Build.0 = Debug|Any CPU
		{3E0EBE6E-EECA-4F6A-A25C-29BC0FE797CE}.Release|Any CPU.ActiveCfg = Release|Any CPU
		{3E0EBE6E-EECA-4F6A-A25C-29BC0FE797CE}.Release|Any CPU.Build.0 = Release|Any CPU
		{AD942CA8-1442-4C6A-B650-DC65D992B0D7}.Debug|Any CPU.ActiveCfg = Debug|Any CPU
		{AD942CA8-1442-4C6A-B650-DC65D992B0D7}.Debug|Any CPU.Build.0 = Debug|Any CPU
		{AD942CA8-1442-4C6A-B650-DC65D992B0D7}.Release|Any CPU.ActiveCfg = Release|Any CPU
		{AD942CA8-1442-4C6A-B650-DC65D992B0D7}.Release|Any CPU.Build.0 = Release|Any CPU
	EndGlobalSection
EndGlobal
