
Microsoft Visual Studio Solution File, Format Version 12.00
Project("{FAE04EC0-301F-11D3-BF4B-00C04F79EFBC}") = "FixedMaths.Core", "FixedMaths.Core\FixedMaths.Core.csproj", "{B64EB5CC-A5E0-4D85-8A86-408BD97B80B4}"
EndProject
Project("{FAE04EC0-301F-11D3-BF4B-00C04F79EFBC}") = "FixedMaths.Test", "FixedMaths.Test\FixedMaths.Test.csproj", "{7989DDB3-CD56-46B2-B9ED-18FBB8784F15}"
EndProject
Project("{2150E333-8FDC-42A3-9474-1A3956D46DE8}") = "Tests", "Tests", "{0B4CADDE-CA39-4D25-B826-09ACECB2184C}"
EndProject
Project("{FAE04EC0-301F-11D3-BF4B-00C04F79EFBC}") = "DemoGame", "DemoGame\DemoGame.csproj", "{9A3D5EC5-D9A6-41ED-A5EA-2A4E0EBF4A8D}"
EndProject
Project("{FAE04EC0-301F-11D3-BF4B-00C04F79EFBC}") = "FixedMaths.Generator", "FixedMaths.Generator\FixedMaths.Generator.csproj", "{DBEBEEBE-48D7-4B7E-BC10-3160AC3A0376}"
EndProject
Project("{FAE04EC0-301F-11D3-BF4B-00C04F79EFBC}") = "FixedMaths.FileSystem", "FixedMaths.FileSystem\FixedMaths.FileSystem.csproj", "{9721577C-8F4E-4C19-9775-FB97B3D9B860}"
EndProject
Project("{2150E333-8FDC-42A3-9474-1A3956D46DE8}") = "Games", "Games", "{47D61CD1-70AB-445D-97E7-F0BB6DDE00B9}"
EndProject
Project("{2150E333-8FDC-42A3-9474-1A3956D46DE8}") = "FixedMaths", "FixedMaths", "{F09C743F-5B94-44C8-833C-47BD946092E7}"
EndProject
Project("{2150E333-8FDC-42A3-9474-1A3956D46DE8}") = "Thorny", "Thorny", "{48CED6E6-8680-4B65-BC07-159C80BC42A1}"
EndProject
Project("{FAE04EC0-301F-11D3-BF4B-00C04F79EFBC}") = "Svelto.Common", "Svelto.Common\Svelto.Common.csproj", "{4E33E3CE-8ED1-474F-BC3B-5C09DB7BC485}"
EndProject
Project("{FAE04EC0-301F-11D3-BF4B-00C04F79EFBC}") = "Svelto.ECS", "Svelto.ECS\Svelto.ECS.csproj", "{F2A708A0-8AFE-4334-8020-AE4364FC8DF5}"
EndProject
Project("{FAE04EC0-301F-11D3-BF4B-00C04F79EFBC}") = "Svelto.ECS.Tests", "Svelto.ECS.Tests\Svelto.ECS.Tests.csproj", "{3E0EBE6E-EECA-4F6A-A25C-29BC0FE797CE}"
EndProject
Project("{2150E333-8FDC-42A3-9474-1A3956D46DE8}") = "Svelto-3.0-beta", "Svelto-3.0-beta", "{A4408A6A-8DEB-493E-A53B-4B1A1C76AFB5}"
EndProject
Project("{2150E333-8FDC-42A3-9474-1A3956D46DE8}") = "Graphics", "Graphics", "{F0FCBE57-47D2-41E7-9874-A8ADCCEBAB9F}"
EndProject
Project("{FAE04EC0-301F-11D3-BF4B-00C04F79EFBC}") = "Graphics.Core", "Graphics.Core\Graphics.Core.csproj", "{22155F9F-1A1B-459F-B1A4-5A48611FCB56}"
EndProject
Project("{FAE04EC0-301F-11D3-BF4B-00C04F79EFBC}") = "Graphics.SDL2Driver", "Graphics.SDL2Driver\Graphics.SDL2Driver.csproj", "{2B607061-2A38-4A36-B69D-781C263A2126}"
EndProject
Project("{FAE04EC0-301F-11D3-BF4B-00C04F79EFBC}") = "SDL2-CS.Core", "SDL2-CS\SDL2-CS.Core.csproj", "{D1D366F6-110B-4F87-AD23-CC12A3FB5F63}"
EndProject
Project("{FAE04EC0-301F-11D3-BF4B-00C04F79EFBC}") = "Thorny.Core", "Thorny.Core\Thorny.Core.csproj", "{776FD2F3-464A-48DB-B90C-3145EC08F690}"
EndProject
Project("{FAE04EC0-301F-11D3-BF4B-00C04F79EFBC}") = "Thorny.Core.Test", "Thorny.Core.Test\Thorny.Core.Test.csproj", "{EFA9F3BF-0802-452C-94AC-26B4CA16F92F}"
EndProject
Project("{FAE04EC0-301F-11D3-BF4B-00C04F79EFBC}") = "Physics.Core", "Physics.Core\Physics.Core.csproj", "{B2597E62-CE4E-444D-97E6-AE782367D56B}"
EndProject
Project("{FAE04EC0-301F-11D3-BF4B-00C04F79EFBC}") = "Thorny.Common", "Thorny.Common\Thorny.Common.csproj", "{0D6E30AD-F999-4EE1-99A6-2BE2A57066E5}"
EndProject
Project("{FAE04EC0-301F-11D3-BF4B-00C04F79EFBC}") = "Physics.Core.Test", "Physics.Core.Test\Physics.Core.Test.csproj", "{9D34EDFB-8FB7-46D4-9AD1-B8DBF5B8D6AC}"
EndProject
Project("{2150E333-8FDC-42A3-9474-1A3956D46DE8}") = "Documentation", "Documentation", "{2C0520A6-50F0-440D-933D-1E40EA9F49B4}"
ProjectSection(SolutionItems) = preProject
	LICENSE = LICENSE
	README.md = README.md
EndProjectSection
EndProject
Global
	GlobalSection(SolutionConfigurationPlatforms) = preSolution
		Debug|Any CPU = Debug|Any CPU
		Release|Any CPU = Release|Any CPU
	EndGlobalSection
	GlobalSection(NestedProjects) = preSolution
		{7989DDB3-CD56-46B2-B9ED-18FBB8784F15} = {0B4CADDE-CA39-4D25-B826-09ACECB2184C}
		{9A3D5EC5-D9A6-41ED-A5EA-2A4E0EBF4A8D} = {47D61CD1-70AB-445D-97E7-F0BB6DDE00B9}
		{B64EB5CC-A5E0-4D85-8A86-408BD97B80B4} = {F09C743F-5B94-44C8-833C-47BD946092E7}
		{9721577C-8F4E-4C19-9775-FB97B3D9B860} = {F09C743F-5B94-44C8-833C-47BD946092E7}
		{DBEBEEBE-48D7-4B7E-BC10-3160AC3A0376} = {F09C743F-5B94-44C8-833C-47BD946092E7}
		{F09C743F-5B94-44C8-833C-47BD946092E7} = {48CED6E6-8680-4B65-BC07-159C80BC42A1}
		{0B4CADDE-CA39-4D25-B826-09ACECB2184C} = {48CED6E6-8680-4B65-BC07-159C80BC42A1}
		{4E33E3CE-8ED1-474F-BC3B-5C09DB7BC485} = {A4408A6A-8DEB-493E-A53B-4B1A1C76AFB5}
		{F2A708A0-8AFE-4334-8020-AE4364FC8DF5} = {A4408A6A-8DEB-493E-A53B-4B1A1C76AFB5}
		{3E0EBE6E-EECA-4F6A-A25C-29BC0FE797CE} = {A4408A6A-8DEB-493E-A53B-4B1A1C76AFB5}
		{F0FCBE57-47D2-41E7-9874-A8ADCCEBAB9F} = {48CED6E6-8680-4B65-BC07-159C80BC42A1}
		{22155F9F-1A1B-459F-B1A4-5A48611FCB56} = {F0FCBE57-47D2-41E7-9874-A8ADCCEBAB9F}
		{2B607061-2A38-4A36-B69D-781C263A2126} = {F0FCBE57-47D2-41E7-9874-A8ADCCEBAB9F}
		{D1D366F6-110B-4F87-AD23-CC12A3FB5F63} = {F0FCBE57-47D2-41E7-9874-A8ADCCEBAB9F}
		{776FD2F3-464A-48DB-B90C-3145EC08F690} = {48CED6E6-8680-4B65-BC07-159C80BC42A1}
		{EFA9F3BF-0802-452C-94AC-26B4CA16F92F} = {0B4CADDE-CA39-4D25-B826-09ACECB2184C}
		{B2597E62-CE4E-444D-97E6-AE782367D56B} = {48CED6E6-8680-4B65-BC07-159C80BC42A1}
		{0D6E30AD-F999-4EE1-99A6-2BE2A57066E5} = {48CED6E6-8680-4B65-BC07-159C80BC42A1}
		{9D34EDFB-8FB7-46D4-9AD1-B8DBF5B8D6AC} = {0B4CADDE-CA39-4D25-B826-09ACECB2184C}
	EndGlobalSection
	GlobalSection(ProjectConfigurationPlatforms) = postSolution
		{B64EB5CC-A5E0-4D85-8A86-408BD97B80B4}.Debug|Any CPU.ActiveCfg = Debug|Any CPU
		{B64EB5CC-A5E0-4D85-8A86-408BD97B80B4}.Debug|Any CPU.Build.0 = Debug|Any CPU
		{7989DDB3-CD56-46B2-B9ED-18FBB8784F15}.Debug|Any CPU.ActiveCfg = Debug|Any CPU
		{7989DDB3-CD56-46B2-B9ED-18FBB8784F15}.Debug|Any CPU.Build.0 = Debug|Any CPU
		{9A3D5EC5-D9A6-41ED-A5EA-2A4E0EBF4A8D}.Debug|Any CPU.ActiveCfg = Debug|Any CPU
		{9A3D5EC5-D9A6-41ED-A5EA-2A4E0EBF4A8D}.Debug|Any CPU.Build.0 = Debug|Any CPU
		{9A3D5EC5-D9A6-41ED-A5EA-2A4E0EBF4A8D}.Release|Any CPU.ActiveCfg = Release|Any CPU
		{9A3D5EC5-D9A6-41ED-A5EA-2A4E0EBF4A8D}.Release|Any CPU.Build.0 = Release|Any CPU
		{DBEBEEBE-48D7-4B7E-BC10-3160AC3A0376}.Debug|Any CPU.ActiveCfg = Debug|Any CPU
		{DBEBEEBE-48D7-4B7E-BC10-3160AC3A0376}.Debug|Any CPU.Build.0 = Debug|Any CPU
		{DBEBEEBE-48D7-4B7E-BC10-3160AC3A0376}.Release|Any CPU.ActiveCfg = Release|Any CPU
		{DBEBEEBE-48D7-4B7E-BC10-3160AC3A0376}.Release|Any CPU.Build.0 = Release|Any CPU
		{9721577C-8F4E-4C19-9775-FB97B3D9B860}.Debug|Any CPU.ActiveCfg = Debug|Any CPU
		{9721577C-8F4E-4C19-9775-FB97B3D9B860}.Debug|Any CPU.Build.0 = Debug|Any CPU
		{9721577C-8F4E-4C19-9775-FB97B3D9B860}.Release|Any CPU.ActiveCfg = Release|Any CPU
		{9721577C-8F4E-4C19-9775-FB97B3D9B860}.Release|Any CPU.Build.0 = Release|Any CPU
		{4E33E3CE-8ED1-474F-BC3B-5C09DB7BC485}.Debug|Any CPU.ActiveCfg = Debug|Any CPU
		{4E33E3CE-8ED1-474F-BC3B-5C09DB7BC485}.Debug|Any CPU.Build.0 = Debug|Any CPU
		{4E33E3CE-8ED1-474F-BC3B-5C09DB7BC485}.Release|Any CPU.ActiveCfg = Release|Any CPU
		{4E33E3CE-8ED1-474F-BC3B-5C09DB7BC485}.Release|Any CPU.Build.0 = Release|Any CPU
		{F2A708A0-8AFE-4334-8020-AE4364FC8DF5}.Debug|Any CPU.ActiveCfg = Debug|Any CPU
		{F2A708A0-8AFE-4334-8020-AE4364FC8DF5}.Debug|Any CPU.Build.0 = Debug|Any CPU
		{F2A708A0-8AFE-4334-8020-AE4364FC8DF5}.Release|Any CPU.ActiveCfg = Release|Any CPU
		{F2A708A0-8AFE-4334-8020-AE4364FC8DF5}.Release|Any CPU.Build.0 = Release|Any CPU
		{3E0EBE6E-EECA-4F6A-A25C-29BC0FE797CE}.Debug|Any CPU.ActiveCfg = Debug|Any CPU
		{3E0EBE6E-EECA-4F6A-A25C-29BC0FE797CE}.Debug|Any CPU.Build.0 = Debug|Any CPU
		{3E0EBE6E-EECA-4F6A-A25C-29BC0FE797CE}.Release|Any CPU.ActiveCfg = Release|Any CPU
		{3E0EBE6E-EECA-4F6A-A25C-29BC0FE797CE}.Release|Any CPU.Build.0 = Release|Any CPU
		{22155F9F-1A1B-459F-B1A4-5A48611FCB56}.Debug|Any CPU.ActiveCfg = Debug|Any CPU
		{22155F9F-1A1B-459F-B1A4-5A48611FCB56}.Debug|Any CPU.Build.0 = Debug|Any CPU
		{22155F9F-1A1B-459F-B1A4-5A48611FCB56}.Release|Any CPU.ActiveCfg = Release|Any CPU
		{22155F9F-1A1B-459F-B1A4-5A48611FCB56}.Release|Any CPU.Build.0 = Release|Any CPU
		{2B607061-2A38-4A36-B69D-781C263A2126}.Debug|Any CPU.ActiveCfg = Debug|Any CPU
		{2B607061-2A38-4A36-B69D-781C263A2126}.Debug|Any CPU.Build.0 = Debug|Any CPU
		{2B607061-2A38-4A36-B69D-781C263A2126}.Release|Any CPU.ActiveCfg = Release|Any CPU
		{2B607061-2A38-4A36-B69D-781C263A2126}.Release|Any CPU.Build.0 = Release|Any CPU
		{D1D366F6-110B-4F87-AD23-CC12A3FB5F63}.Debug|Any CPU.ActiveCfg = Debug|x64
		{D1D366F6-110B-4F87-AD23-CC12A3FB5F63}.Debug|Any CPU.Build.0 = Debug|x64
		{D1D366F6-110B-4F87-AD23-CC12A3FB5F63}.Release|Any CPU.ActiveCfg = Release|x64
		{D1D366F6-110B-4F87-AD23-CC12A3FB5F63}.Release|Any CPU.Build.0 = Release|x64
		{776FD2F3-464A-48DB-B90C-3145EC08F690}.Debug|Any CPU.ActiveCfg = Debug|Any CPU
		{776FD2F3-464A-48DB-B90C-3145EC08F690}.Debug|Any CPU.Build.0 = Debug|Any CPU
		{776FD2F3-464A-48DB-B90C-3145EC08F690}.Release|Any CPU.ActiveCfg = Release|Any CPU
		{776FD2F3-464A-48DB-B90C-3145EC08F690}.Release|Any CPU.Build.0 = Release|Any CPU
		{EFA9F3BF-0802-452C-94AC-26B4CA16F92F}.Debug|Any CPU.ActiveCfg = Debug|Any CPU
		{EFA9F3BF-0802-452C-94AC-26B4CA16F92F}.Debug|Any CPU.Build.0 = Debug|Any CPU
		{EFA9F3BF-0802-452C-94AC-26B4CA16F92F}.Release|Any CPU.ActiveCfg = Release|Any CPU
		{EFA9F3BF-0802-452C-94AC-26B4CA16F92F}.Release|Any CPU.Build.0 = Release|Any CPU
		{B2597E62-CE4E-444D-97E6-AE782367D56B}.Debug|Any CPU.ActiveCfg = Debug|Any CPU
		{B2597E62-CE4E-444D-97E6-AE782367D56B}.Debug|Any CPU.Build.0 = Debug|Any CPU
		{B2597E62-CE4E-444D-97E6-AE782367D56B}.Release|Any CPU.ActiveCfg = Release|Any CPU
		{B2597E62-CE4E-444D-97E6-AE782367D56B}.Release|Any CPU.Build.0 = Release|Any CPU
		{0D6E30AD-F999-4EE1-99A6-2BE2A57066E5}.Debug|Any CPU.ActiveCfg = Debug|Any CPU
		{0D6E30AD-F999-4EE1-99A6-2BE2A57066E5}.Debug|Any CPU.Build.0 = Debug|Any CPU
		{0D6E30AD-F999-4EE1-99A6-2BE2A57066E5}.Release|Any CPU.ActiveCfg = Release|Any CPU
		{0D6E30AD-F999-4EE1-99A6-2BE2A57066E5}.Release|Any CPU.Build.0 = Release|Any CPU
		{9D34EDFB-8FB7-46D4-9AD1-B8DBF5B8D6AC}.Debug|Any CPU.ActiveCfg = Debug|Any CPU
		{9D34EDFB-8FB7-46D4-9AD1-B8DBF5B8D6AC}.Debug|Any CPU.Build.0 = Debug|Any CPU
		{9D34EDFB-8FB7-46D4-9AD1-B8DBF5B8D6AC}.Release|Any CPU.ActiveCfg = Release|Any CPU
		{9D34EDFB-8FB7-46D4-9AD1-B8DBF5B8D6AC}.Release|Any CPU.Build.0 = Release|Any CPU
	EndGlobalSection
EndGlobal
